
Microsoft Visual Studio Solution File, Format Version 12.00
# Visual Studio 15
VisualStudioVersion = 15.0.27703.2035
MinimumVisualStudioVersion = 10.0.40219.1
Project("{FAE04EC0-301F-11D3-BF4B-00C04F79EFBC}") = "1.Arith", "1.Arith\1.Arith.csproj", "{9421F10F-2176-4362-85E7-4BA0F26ED5F5}"
EndProject
Project("{FAE04EC0-301F-11D3-BF4B-00C04F79EFBC}") = "3. EvenOdd", "3. EvenOdd\3. EvenOdd.csproj", "{5C380B37-073B-4A4C-94F9-B8E86E527D9F}"
EndProject
Project("{FAE04EC0-301F-11D3-BF4B-00C04F79EFBC}") = "4. String Reversal", "4. String Reversal\4. String Reversal.csproj", "{D3C61399-57DD-4B99-AD6B-885AE640A80E}"
EndProject
Project("{FAE04EC0-301F-11D3-BF4B-00C04F79EFBC}") = "2. BigOfThree", "2. BigOfThree\2. BigOfThree.csproj", "{A9453C8C-BF90-4940-845A-DF50C03FDF66}"
EndProject
Project("{FAE04EC0-301F-11D3-BF4B-00C04F79EFBC}") = "5. CountDup", "5. CountDup\5. CountDup.csproj", "{EAEC1839-80C9-48A2-84B6-E34319A0587F}"
EndProject
Project("{FAE04EC0-301F-11D3-BF4B-00C04F79EFBC}") = "6. Calculator", "6. Calculator\6. Calculator.csproj", "{0E603CF0-49A0-43AB-9FE3-51D0FBDDBC04}"
EndProject
Global
	GlobalSection(SolutionConfigurationPlatforms) = preSolution
		Debug|Any CPU = Debug|Any CPU
		Debug|ARM = Debug|ARM
		Debug|x64 = Debug|x64
		Debug|x86 = Debug|x86
		Release|Any CPU = Release|Any CPU
		Release|ARM = Release|ARM
		Release|x64 = Release|x64
		Release|x86 = Release|x86
	EndGlobalSection
	GlobalSection(ProjectConfigurationPlatforms) = postSolution
		{9421F10F-2176-4362-85E7-4BA0F26ED5F5}.Debug|Any CPU.ActiveCfg = Debug|Any CPU
		{9421F10F-2176-4362-85E7-4BA0F26ED5F5}.Debug|Any CPU.Build.0 = Debug|Any CPU
		{9421F10F-2176-4362-85E7-4BA0F26ED5F5}.Debug|ARM.ActiveCfg = Debug|Any CPU
		{9421F10F-2176-4362-85E7-4BA0F26ED5F5}.Debug|ARM.Build.0 = Debug|Any CPU
		{9421F10F-2176-4362-85E7-4BA0F26ED5F5}.Debug|x64.ActiveCfg = Debug|Any CPU
		{9421F10F-2176-4362-85E7-4BA0F26ED5F5}.Debug|x64.Build.0 = Debug|Any CPU
		{9421F10F-2176-4362-85E7-4BA0F26ED5F5}.Debug|x86.ActiveCfg = Debug|Any CPU
		{9421F10F-2176-4362-85E7-4BA0F26ED5F5}.Debug|x86.Build.0 = Debug|Any CPU
		{9421F10F-2176-4362-85E7-4BA0F26ED5F5}.Release|Any CPU.ActiveCfg = Release|Any CPU
		{9421F10F-2176-4362-85E7-4BA0F26ED5F5}.Release|Any CPU.Build.0 = Release|Any CPU
		{9421F10F-2176-4362-85E7-4BA0F26ED5F5}.Release|ARM.ActiveCfg = Release|Any CPU
		{9421F10F-2176-4362-85E7-4BA0F26ED5F5}.Release|ARM.Build.0 = Release|Any CPU
		{9421F10F-2176-4362-85E7-4BA0F26ED5F5}.Release|x64.ActiveCfg = Release|Any CPU
		{9421F10F-2176-4362-85E7-4BA0F26ED5F5}.Release|x64.Build.0 = Release|Any CPU
		{9421F10F-2176-4362-85E7-4BA0F26ED5F5}.Release|x86.ActiveCfg = Release|Any CPU
		{9421F10F-2176-4362-85E7-4BA0F26ED5F5}.Release|x86.Build.0 = Release|Any CPU
		{5C380B37-073B-4A4C-94F9-B8E86E527D9F}.Debug|Any CPU.ActiveCfg = Debug|Any CPU
		{5C380B37-073B-4A4C-94F9-B8E86E527D9F}.Debug|Any CPU.Build.0 = Debug|Any CPU
		{5C380B37-073B-4A4C-94F9-B8E86E527D9F}.Debug|ARM.ActiveCfg = Debug|Any CPU
		{5C380B37-073B-4A4C-94F9-B8E86E527D9F}.Debug|ARM.Build.0 = Debug|Any CPU
		{5C380B37-073B-4A4C-94F9-B8E86E527D9F}.Debug|x64.ActiveCfg = Debug|Any CPU
		{5C380B37-073B-4A4C-94F9-B8E86E527D9F}.Debug|x64.Build.0 = Debug|Any CPU
		{5C380B37-073B-4A4C-94F9-B8E86E527D9F}.Debug|x86.ActiveCfg = Debug|Any CPU
		{5C380B37-073B-4A4C-94F9-B8E86E527D9F}.Debug|x86.Build.0 = Debug|Any CPU
		{5C380B37-073B-4A4C-94F9-B8E86E527D9F}.Release|Any CPU.ActiveCfg = Release|Any CPU
		{5C380B37-073B-4A4C-94F9-B8E86E527D9F}.Release|Any CPU.Build.0 = Release|Any CPU
		{5C380B37-073B-4A4C-94F9-B8E86E527D9F}.Release|ARM.ActiveCfg = Release|Any CPU
		{5C380B37-073B-4A4C-94F9-B8E86E527D9F}.Release|ARM.Build.0 = Release|Any CPU
		{5C380B37-073B-4A4C-94F9-B8E86E527D9F}.Release|x64.ActiveCfg = Release|Any CPU
		{5C380B37-073B-4A4C-94F9-B8E86E527D9F}.Release|x64.Build.0 = Release|Any CPU
		{5C380B37-073B-4A4C-94F9-B8E86E527D9F}.Release|x86.ActiveCfg = Release|Any CPU
		{5C380B37-073B-4A4C-94F9-B8E86E527D9F}.Release|x86.Build.0 = Release|Any CPU
		{D3C61399-57DD-4B99-AD6B-885AE640A80E}.Debug|Any CPU.ActiveCfg = Debug|Any CPU
		{D3C61399-57DD-4B99-AD6B-885AE640A80E}.Debug|Any CPU.Build.0 = Debug|Any CPU
		{D3C61399-57DD-4B99-AD6B-885AE640A80E}.Debug|ARM.ActiveCfg = Debug|Any CPU
		{D3C61399-57DD-4B99-AD6B-885AE640A80E}.Debug|ARM.Build.0 = Debug|Any CPU
		{D3C61399-57DD-4B99-AD6B-885AE640A80E}.Debug|x64.ActiveCfg = Debug|Any CPU
		{D3C61399-57DD-4B99-AD6B-885AE640A80E}.Debug|x64.Build.0 = Debug|Any CPU
		{D3C61399-57DD-4B99-AD6B-885AE640A80E}.Debug|x86.ActiveCfg = Debug|Any CPU
		{D3C61399-57DD-4B99-AD6B-885AE640A80E}.Debug|x86.Build.0 = Debug|Any CPU
		{D3C61399-57DD-4B99-AD6B-885AE640A80E}.Release|Any CPU.ActiveCfg = Release|Any CPU
		{D3C61399-57DD-4B99-AD6B-885AE640A80E}.Release|Any CPU.Build.0 = Release|Any CPU
		{D3C61399-57DD-4B99-AD6B-885AE640A80E}.Release|ARM.ActiveCfg = Release|Any CPU
		{D3C61399-57DD-4B99-AD6B-885AE640A80E}.Release|ARM.Build.0 = Release|Any CPU
		{D3C61399-57DD-4B99-AD6B-885AE640A80E}.Release|x64.ActiveCfg = Release|Any CPU
		{D3C61399-57DD-4B99-AD6B-885AE640A80E}.Release|x64.Build.0 = Release|Any CPU
		{D3C61399-57DD-4B99-AD6B-885AE640A80E}.Release|x86.ActiveCfg = Release|Any CPU
		{D3C61399-57DD-4B99-AD6B-885AE640A80E}.Release|x86.Build.0 = Release|Any CPU
		{A9453C8C-BF90-4940-845A-DF50C03FDF66}.Debug|Any CPU.ActiveCfg = Debug|Any CPU
		{A9453C8C-BF90-4940-845A-DF50C03FDF66}.Debug|Any CPU.Build.0 = Debug|Any CPU
		{A9453C8C-BF90-4940-845A-DF50C03FDF66}.Debug|ARM.ActiveCfg = Debug|Any CPU
		{A9453C8C-BF90-4940-845A-DF50C03FDF66}.Debug|ARM.Build.0 = Debug|Any CPU
		{A9453C8C-BF90-4940-845A-DF50C03FDF66}.Debug|x64.ActiveCfg = Debug|Any CPU
		{A9453C8C-BF90-4940-845A-DF50C03FDF66}.Debug|x64.Build.0 = Debug|Any CPU
		{A9453C8C-BF90-4940-845A-DF50C03FDF66}.Debug|x86.ActiveCfg = Debug|Any CPU
		{A9453C8C-BF90-4940-845A-DF50C03FDF66}.Debug|x86.Build.0 = Debug|Any CPU
		{A9453C8C-BF90-4940-845A-DF50C03FDF66}.Release|Any CPU.ActiveCfg = Release|Any CPU
		{A9453C8C-BF90-4940-845A-DF50C03FDF66}.Release|Any CPU.Build.0 = Release|Any CPU
		{A9453C8C-BF90-4940-845A-DF50C03FDF66}.Release|ARM.ActiveCfg = Release|Any CPU
		{A9453C8C-BF90-4940-845A-DF50C03FDF66}.Release|ARM.Build.0 = Release|Any CPU
		{A9453C8C-BF90-4940-845A-DF50C03FDF66}.Release|x64.ActiveCfg = Release|Any CPU
		{A9453C8C-BF90-4940-845A-DF50C03FDF66}.Release|x64.Build.0 = Release|Any CPU
		{A9453C8C-BF90-4940-845A-DF50C03FDF66}.Release|x86.ActiveCfg = Release|Any CPU
		{A9453C8C-BF90-4940-845A-DF50C03FDF66}.Release|x86.Build.0 = Release|Any CPU
		{EAEC1839-80C9-48A2-84B6-E34319A0587F}.Debug|Any CPU.ActiveCfg = Debug|Any CPU
		{EAEC1839-80C9-48A2-84B6-E34319A0587F}.Debug|Any CPU.Build.0 = Debug|Any CPU
		{EAEC1839-80C9-48A2-84B6-E34319A0587F}.Debug|ARM.ActiveCfg = Debug|Any CPU
		{EAEC1839-80C9-48A2-84B6-E34319A0587F}.Debug|ARM.Build.0 = Debug|Any CPU
		{EAEC1839-80C9-48A2-84B6-E34319A0587F}.Debug|x64.ActiveCfg = Debug|Any CPU
		{EAEC1839-80C9-48A2-84B6-E34319A0587F}.Debug|x64.Build.0 = Debug|Any CPU
		{EAEC1839-80C9-48A2-84B6-E34319A0587F}.Debug|x86.ActiveCfg = Debug|Any CPU
		{EAEC1839-80C9-48A2-84B6-E34319A0587F}.Debug|x86.Build.0 = Debug|Any CPU
		{EAEC1839-80C9-48A2-84B6-E34319A0587F}.Release|Any CPU.ActiveCfg = Release|Any CPU
		{EAEC1839-80C9-48A2-84B6-E34319A0587F}.Release|Any CPU.Build.0 = Release|Any CPU
		{EAEC1839-80C9-48A2-84B6-E34319A0587F}.Release|ARM.ActiveCfg = Release|Any CPU
		{EAEC1839-80C9-48A2-84B6-E34319A0587F}.Release|ARM.Build.0 = Release|Any CPU
		{EAEC1839-80C9-48A2-84B6-E34319A0587F}.Release|x64.ActiveCfg = Release|Any CPU
		{EAEC1839-80C9-48A2-84B6-E34319A0587F}.Release|x64.Build.0 = Release|Any CPU
		{EAEC1839-80C9-48A2-84B6-E34319A0587F}.Release|x86.ActiveCfg = Release|Any CPU
		{EAEC1839-80C9-48A2-84B6-E34319A0587F}.Release|x86.Build.0 = Release|Any CPU
		{0E603CF0-49A0-43AB-9FE3-51D0FBDDBC04}.Debug|Any CPU.ActiveCfg = Debug|Any CPU
		{0E603CF0-49A0-43AB-9FE3-51D0FBDDBC04}.Debug|Any CPU.Build.0 = Debug|Any CPU
		{0E603CF0-49A0-43AB-9FE3-51D0FBDDBC04}.Debug|ARM.ActiveCfg = Debug|Any CPU
		{0E603CF0-49A0-43AB-9FE3-51D0FBDDBC04}.Debug|ARM.Build.0 = Debug|Any CPU
		{0E603CF0-49A0-43AB-9FE3-51D0FBDDBC04}.Debug|x64.ActiveCfg = Debug|Any CPU
		{0E603CF0-49A0-43AB-9FE3-51D0FBDDBC04}.Debug|x64.Build.0 = Debug|Any CPU
		{0E603CF0-49A0-43AB-9FE3-51D0FBDDBC04}.Debug|x86.ActiveCfg = Debug|Any CPU
		{0E603CF0-49A0-43AB-9FE3-51D0FBDDBC04}.Debug|x86.Build.0 = Debug|Any CPU
		{0E603CF0-49A0-43AB-9FE3-51D0FBDDBC04}.Release|Any CPU.ActiveCfg = Release|Any CPU
		{0E603CF0-49A0-43AB-9FE3-51D0FBDDBC04}.Release|Any CPU.Build.0 = Release|Any CPU
		{0E603CF0-49A0-43AB-9FE3-51D0FBDDBC04}.Release|ARM.ActiveCfg = Release|Any CPU
		{0E603CF0-49A0-43AB-9FE3-51D0FBDDBC04}.Release|ARM.Build.0 = Release|Any CPU
		{0E603CF0-49A0-43AB-9FE3-51D0FBDDBC04}.Release|x64.ActiveCfg = Release|Any CPU
		{0E603CF0-49A0-43AB-9FE3-51D0FBDDBC04}.Release|x64.Build.0 = Release|Any CPU
		{0E603CF0-49A0-43AB-9FE3-51D0FBDDBC04}.Release|x86.ActiveCfg = Release|Any CPU
		{0E603CF0-49A0-43AB-9FE3-51D0FBDDBC04}.Release|x86.Build.0 = Release|Any CPU
	EndGlobalSection
	GlobalSection(SolutionProperties) = preSolution
		HideSolutionNode = FALSE
	EndGlobalSection
	GlobalSection(ExtensibilityGlobals) = postSolution
		SolutionGuid = {200E30B9-5CDA-449E-9640-FEDCB2DD0C40}
	EndGlobalSection
EndGlobal
